{
  "name": "vue-demo",
  "version": "1.0.0",
  "lockfileVersion": 1,
  "requires": true,
  "dependencies": {
    "vue-calendar-component": {
      "version": "2.6.6",
      "resolved": "https://registry.npmjs.org/vue-calendar-component/-/vue-calendar-component-2.6.6.tgz",
      "integrity": "sha512-si6e2rn8PaegMmqEdZ5jP89TCe4IJqxDFNcgoptP6ESrn1dg2mrU8MDYpsD8GP3FKSMWDZIu2HG+V9SWOsr8Xw=="
    }
  }
}
